{
  "nodes": {
    "flake-utils": {
      "locked": {
        "lastModified": 1610051610,
        "narHash": "sha256-U9rPz/usA1/Aohhk7Cmc2gBrEEKRzcW4nwPWMPwja4Y=",
        "owner": "numtide",
        "repo": "flake-utils",
        "rev": "3982c9903e93927c2164caa727cd3f6a0e6d14cc",
        "type": "github"
      },
      "original": {
        "owner": "numtide",
        "repo": "flake-utils",
        "type": "github"
      }
    },
    "nixpkgs": {
      "locked": {
        "lastModified": 1612060807,
        "narHash": "sha256-ht+Dr/lo+8hjsxXbRZPjs8JrTNxaHxq94RKwZxUImUM=",
        "owner": "NixOS",
        "repo": "nixpkgs",
        "rev": "f18fbc33930d7569cfedb8acd75177d0ff7c8678",
        "type": "github"
      },
      "original": {
        "owner": "NixOS",
        "ref": "nixos-20.09",
        "repo": "nixpkgs",
        "type": "github"
      }
    },
    "nixpkgs-unstable": {
      "locked": {
        "lastModified": 1611575689,
        "narHash": "sha256-z2rNP3zdVnGxp9iV2Rbn0/LLKhk47DZQKxDkpYFLI7M=",
        "owner": "NixOS",
        "repo": "nixpkgs",
        "rev": "891f607d5301d6730cb1f9dcf3618bcb1ab7f10e",
        "type": "github"
      },
      "original": {
        "owner": "NixOS",
        "ref": "nixos-unstable",
        "repo": "nixpkgs",
        "type": "github"
      }
    },
    "qmk-compile-nix": {
      "inputs": {
        "nixpkgs": [
          "nixpkgs"
        ]
      },
      "locked": {
        "lastModified": 1612129037,
        "narHash": "sha256-teWTW5iUadmG9zIysg+D0Ll8lZgYjn7L0DfHzM/wnWA=",
        "owner": "orangeturtle739",
        "repo": "qmk-compile-nix",
        "rev": "407e63444df5c25c32c3415b1ee8cc566f9da919",
        "type": "github"
      },
      "original": {
        "owner": "orangeturtle739",
        "repo": "qmk-compile-nix",
        "type": "github"
      }
    },
    "root": {
      "inputs": {
        "flake-utils": "flake-utils",
        "nixpkgs": "nixpkgs",
        "nixpkgs-unstable": "nixpkgs-unstable",
        "qmk-compile-nix": "qmk-compile-nix"
      }
    }
  },
  "root": "root",
  "version": 7
}
